
Microsoft Visual Studio Solution File, Format Version 11.00
# Visual Studio 2010
Project("{2150E333-8FDC-42A3-9474-1A3956D46DE8}") = ".build", ".build", "{E955CC2F-3A45-4914-B857-3690EA46D5ED}"
	ProjectSection(SolutionItems) = preProject
		build.properties = build.properties
		build.xml = build.xml
		runAnt.bat = runAnt.bat
		runAntMSTargets.bat = runAntMSTargets.bat
		runAntNUnit.bat = runAntNUnit.bat
	EndProjectSection
EndProject
Project("{2150E333-8FDC-42A3-9474-1A3956D46DE8}") = "Solution Items", "Solution Items", "{592417B1-F6FE-45CD-ABB0-5B45147CD3A8}"
EndProject
Project("{FAE04EC0-301F-11D3-BF4B-00C04F79EFBC}") = "nModule", "nModule\nModule.csproj", "{AACD4DBC-701E-4D74-B9F6-FA301BAAAA5C}"
EndProject
Project("{FAE04EC0-301F-11D3-BF4B-00C04F79EFBC}") = "nModule.UnitTests", "nModule.UnitTests\nModule.UnitTests.csproj", "{8CCAA0AE-B48C-4CD3-81FE-5167E6A72125}"
EndProject
Global
	GlobalSection(SolutionConfigurationPlatforms) = preSolution
		Debug|Any CPU = Debug|Any CPU
		Release|Any CPU = Release|Any CPU
	EndGlobalSection
	GlobalSection(ProjectConfigurationPlatforms) = postSolution
		{AACD4DBC-701E-4D74-B9F6-FA301BAAAA5C}.Debug|Any CPU.ActiveCfg = Debug|Any CPU
		{AACD4DBC-701E-4D74-B9F6-FA301BAAAA5C}.Debug|Any CPU.Build.0 = Debug|Any CPU
		{AACD4DBC-701E-4D74-B9F6-FA301BAAAA5C}.Release|Any CPU.ActiveCfg = Release|Any CPU
		{AACD4DBC-701E-4D74-B9F6-FA301BAAAA5C}.Release|Any CPU.Build.0 = Release|Any CPU
		{8CCAA0AE-B48C-4CD3-81FE-5167E6A72125}.Debug|Any CPU.ActiveCfg = Debug|Any CPU
		{8CCAA0AE-B48C-4CD3-81FE-5167E6A72125}.Debug|Any CPU.Build.0 = Debug|Any CPU
		{8CCAA0AE-B48C-4CD3-81FE-5167E6A72125}.Release|Any CPU.ActiveCfg = Release|Any CPU
		{8CCAA0AE-B48C-4CD3-81FE-5167E6A72125}.Release|Any CPU.Build.0 = Release|Any CPU
	EndGlobalSection
	GlobalSection(SolutionProperties) = preSolution
		HideSolutionNode = FALSE
	EndGlobalSection
EndGlobal
